
Microsoft Visual Studio Solution File, Format Version 12.00
# Visual Studio Version 17
VisualStudioVersion = 17.5.33530.505
MinimumVisualStudioVersion = 10.0.40219.1
Project("{FAE04EC0-301F-11D3-BF4B-00C04F79EFBC}") = "Proyecto1", "Proyecto1\Proyecto1.csproj", "{C9FE0B4A-8C0D-4852-9F02-4E65B1412778}"
EndProject
Global
	GlobalSection(SolutionConfigurationPlatforms) = preSolution
		Debug|Any CPU = Debug|Any CPU
		Release|Any CPU = Release|Any CPU
	EndGlobalSection
	GlobalSection(ProjectConfigurationPlatforms) = postSolution
		{C9FE0B4A-8C0D-4852-9F02-4E65B1412778}.Debug|Any CPU.ActiveCfg = Debug|Any CPU
		{C9FE0B4A-8C0D-4852-9F02-4E65B1412778}.Debug|Any CPU.Build.0 = Debug|Any CPU
		{C9FE0B4A-8C0D-4852-9F02-4E65B1412778}.Release|Any CPU.ActiveCfg = Release|Any CPU
		{C9FE0B4A-8C0D-4852-9F02-4E65B1412778}.Release|Any CPU.Build.0 = Release|Any CPU
	EndGlobalSection
	GlobalSection(SolutionProperties) = preSolution
		HideSolutionNode = FALSE
	EndGlobalSection
	GlobalSection(ExtensibilityGlobals) = postSolution
		SolutionGuid = {2D45EBAD-1E72-406F-9958-066CA222AA37}
	EndGlobalSection
EndGlobal
